<?xml version="1.0" encoding="utf-8"?>
<Project ToolsVersion="4.0" xmlns="http://schemas.microsoft.com/developer/msbuild/2003">
  <ItemGroup>
    <Filter Include="Source Files">
      <UniqueIdentifier>{4FC737F1-C7A5-4376-A066-2A32D752A2FF}</UniqueIdentifier>
      <Extensions>cpp;c;cc;cxx;c++;cppm;ixx;def;odl;idl;hpj;bat;asm;asmx</Extensions>
    </Filter>
    <Filter Include="Header Files">
      <UniqueIdentifier>{93995380-89BD-4b04-88EB-625FBE52EBFB}</UniqueIdentifier>
      <Extensions>h;hh;hpp;hxx;h++;hm;inl;inc;ipp;xsd</Extensions>
    </Filter>
    <Filter Include="Resource Files">
      <UniqueIdentifier>{67DA6AB6-F800-4c08-8B7A-83BB121AAD01}</UniqueIdentifier>
      <Extensions>rc;ico;cur;bmp;dlg;rc2;rct;bin;rgs;gif;jpg;jpeg;jpe;resx;tiff;tif;png;wav;mfcribbon-ms</Extensions>
    </Filter>
    <Filter Include="Source Files\Header Implementations">
      <UniqueIdentifier>{d0c1c425-c8dc-4625-bad0-924872584e17}</UniqueIdentifier>
    </Filter>
    <Filter Include="Source Files\Header Implementations\Classes">
      <UniqueIdentifier>{718fef58-bd61-4be7-bd75-05156a287861}</UniqueIdentifier>
    </Filter>
    <Filter Include="Source Files\Header Implementations\Game Functions">
      <UniqueIdentifier>{eca9d701-50d5-44e6-82bb-60fdc88a3147}</UniqueIdentifier>
    </Filter>
    <Filter Include="Header Files\Classes">
      <UniqueIdentifier>{72d2a888-1b9a-4749-a1eb-d4cdf078b7c2}</UniqueIdentifier>
    </Filter>
    <Filter Include="Header Files\Game Functions">
      <UniqueIdentifier>{ae16fcb4-0409-474f-978f-012e1afd3a8a}</UniqueIdentifier>
    </Filter>
    <Filter Include="Header Files\Resources">
      <UniqueIdentifier>{3587609b-5881-4549-a348-285b5529b905}</UniqueIdentifier>
    </Filter>
  </ItemGroup>
  <ItemGroup>
    <ClCompile Include="Main.cpp">
      <Filter>Source Files</Filter>
    </ClCompile>
    <ClCompile Include="AttackCycle.cpp">
      <Filter>Source Files\Header Implementations\Game Functions</Filter>
    </ClCompile>
    <ClCompile Include="Item.cpp">
      <Filter>Source Files\Header Implementations\Classes</Filter>
    </ClCompile>
    <ClCompile Include="Location.cpp">
      <Filter>Source Files\Header Implementations\Classes</Filter>
    </ClCompile>
    <ClCompile Include="Monster.cpp">
      <Filter>Source Files\Header Implementations\Classes</Filter>
    </ClCompile>
    <ClCompile Include="Player.cpp">
      <Filter>Source Files\Header Implementations\Classes</Filter>
    </ClCompile>
    <ClCompile Include="Tower.cpp">
      <Filter>Source Files\Header Implementations\Classes</Filter>
    </ClCompile>
    <ClCompile Include="Party.cpp">
      <Filter>Source Files\Header Implementations\Classes</Filter>
    </ClCompile>
    <ClCompile Include="Inventory.cpp">
      <Filter>Source Files\Header Implementations\Classes</Filter>
    </ClCompile>
  </ItemGroup>
  <ItemGroup>
    <ClInclude Include="AttackCycle.h">
      <Filter>Header Files\Game Functions</Filter>
    </ClInclude>
    <ClInclude Include="Item.h">
      <Filter>Header Files\Classes</Filter>
    </ClInclude>
    <ClInclude Include="Location.h">
      <Filter>Header Files\Classes</Filter>
    </ClInclude>
    <ClInclude Include="Monster.h">
      <Filter>Header Files\Classes</Filter>
    </ClInclude>
    <ClInclude Include="Player.h">
      <Filter>Header Files\Classes</Filter>
    </ClInclude>
    <ClInclude Include="Party.h">
      <Filter>Header Files\Classes</Filter>
    </ClInclude>
    <ClInclude Include="GlobalLists.h">
      <Filter>Header Files\Resources</Filter>
    </ClInclude>
    <ClInclude Include="ColourCodes.h">
      <Filter>Header Files\Resources</Filter>
    </ClInclude>
  </ItemGroup>
  <ItemGroup>
    <None Include="ClassDiagram.cd" />
  </ItemGroup>
</Project>